
Microsoft Visual Studio Solution File, Format Version 12.00
# Visual Studio Version 17
VisualStudioVersion = 17.11.35327.3
MinimumVisualStudioVersion = 10.0.40219.1
Project("{F2A71F9B-5D33-465A-A702-920D77279786}") = "Text_Analyzer", "Text_Analyzer\Text_Analyzer.fsproj", "{76A2A8F0-D001-461B-8D00-45BBE2D87CC6}"
EndProject
Global
	GlobalSection(SolutionConfigurationPlatforms) = preSolution
		Debug|Any CPU = Debug|Any CPU
		Release|Any CPU = Release|Any CPU
	EndGlobalSection
	GlobalSection(ProjectConfigurationPlatforms) = postSolution
		{76A2A8F0-D001-461B-8D00-45BBE2D87CC6}.Debug|Any CPU.ActiveCfg = Debug|Any CPU
		{76A2A8F0-D001-461B-8D00-45BBE2D87CC6}.Debug|Any CPU.Build.0 = Debug|Any CPU
		{76A2A8F0-D001-461B-8D00-45BBE2D87CC6}.Release|Any CPU.ActiveCfg = Release|Any CPU
		{76A2A8F0-D001-461B-8D00-45BBE2D87CC6}.Release|Any CPU.Build.0 = Release|Any CPU
	EndGlobalSection
	GlobalSection(SolutionProperties) = preSolution
		HideSolutionNode = FALSE
	EndGlobalSection
	GlobalSection(ExtensibilityGlobals) = postSolution
		SolutionGuid = {A3CC4158-F8C7-42AE-A331-95F77D4091DB}
	EndGlobalSection
EndGlobal
